
Microsoft Visual Studio Solution File, Format Version 12.00
# Visual Studio Version 16
VisualStudioVersion = 16.0.30523.141
MinimumVisualStudioVersion = 10.0.40219.1
Project("{9A19103F-16F7-4668-BE54-9A1E7A4F7556}") = "GameReviewUI", "GameReviewUI\GameReviewUI.csproj", "{7FB564C0-5DAA-4FD7-B489-D49479E5E50B}"
EndProject
Project("{9092AA53-FB77-4645-B42D-1CCCA6BD08BD}") = "GameReviewUI_React", "GameReviewUI_React\GameReviewUI_React.njsproj", "{B054DEE7-DD76-42DA-B7D4-67D3E950D5E3}"
EndProject
Global
	GlobalSection(SolutionConfigurationPlatforms) = preSolution
		Debug|Any CPU = Debug|Any CPU
		Release|Any CPU = Release|Any CPU
	EndGlobalSection
	GlobalSection(ProjectConfigurationPlatforms) = postSolution
		{7FB564C0-5DAA-4FD7-B489-D49479E5E50B}.Debug|Any CPU.ActiveCfg = Debug|Any CPU
		{7FB564C0-5DAA-4FD7-B489-D49479E5E50B}.Debug|Any CPU.Build.0 = Debug|Any CPU
		{7FB564C0-5DAA-4FD7-B489-D49479E5E50B}.Release|Any CPU.ActiveCfg = Release|Any CPU
		{7FB564C0-5DAA-4FD7-B489-D49479E5E50B}.Release|Any CPU.Build.0 = Release|Any CPU
		{B054DEE7-DD76-42DA-B7D4-67D3E950D5E3}.Debug|Any CPU.ActiveCfg = Debug|Any CPU
		{B054DEE7-DD76-42DA-B7D4-67D3E950D5E3}.Debug|Any CPU.Build.0 = Debug|Any CPU
		{B054DEE7-DD76-42DA-B7D4-67D3E950D5E3}.Release|Any CPU.ActiveCfg = Release|Any CPU
		{B054DEE7-DD76-42DA-B7D4-67D3E950D5E3}.Release|Any CPU.Build.0 = Release|Any CPU
	EndGlobalSection
	GlobalSection(SolutionProperties) = preSolution
		HideSolutionNode = FALSE
	EndGlobalSection
	GlobalSection(ExtensibilityGlobals) = postSolution
		SolutionGuid = {AB4E839E-4B0C-41D9-846F-A78A4DB08F2A}
	EndGlobalSection
EndGlobal
